
Microsoft Visual Studio Solution File, Format Version 12.00
# Visual Studio Version 17
VisualStudioVersion = 17.8.34330.188
MinimumVisualStudioVersion = 10.0.40219.1
Project("{FAE04EC0-301F-11D3-BF4B-00C04F79EFBC}") = "Labb 4 – MVC & Razor", "Labb 4 – MVC & Razor.csproj", "{B49DD8CB-76FA-498B-AB55-09F8459D3C7C}"
EndProject
Global
	GlobalSection(SolutionConfigurationPlatforms) = preSolution
		Debug|Any CPU = Debug|Any CPU
		Release|Any CPU = Release|Any CPU
	EndGlobalSection
	GlobalSection(ProjectConfigurationPlatforms) = postSolution
		{B49DD8CB-76FA-498B-AB55-09F8459D3C7C}.Debug|Any CPU.ActiveCfg = Debug|Any CPU
		{B49DD8CB-76FA-498B-AB55-09F8459D3C7C}.Debug|Any CPU.Build.0 = Debug|Any CPU
		{B49DD8CB-76FA-498B-AB55-09F8459D3C7C}.Release|Any CPU.ActiveCfg = Release|Any CPU
		{B49DD8CB-76FA-498B-AB55-09F8459D3C7C}.Release|Any CPU.Build.0 = Release|Any CPU
	EndGlobalSection
	GlobalSection(SolutionProperties) = preSolution
		HideSolutionNode = FALSE
	EndGlobalSection
	GlobalSection(ExtensibilityGlobals) = postSolution
		SolutionGuid = {9BD99801-E1F9-4F23-A303-33A91BE0208F}
	EndGlobalSection
EndGlobal
